Microsoft Visual Studio Solution File, Format Version 12.00
# Visual Studio Version 16
VisualStudioVersion = 16.0.32510.428
MinimumVisualStudioVersion = 10.0.40219.1
Project("{FAE04EC0-301F-11D3-BF4B-00C04F79EFBC}") = "单位转换", "单位转换\单位转换.csproj", "{CE7C3552-C0BD-4728-BA09-9C34491F86EC}"
EndProject
Project("{FAE04EC0-301F-11D3-BF4B-00C04F79EFBC}") = "科学计算器多功能版", "科学计算器多功能版\科学计算器多功能版.csproj", "{F9E018D7-5078-4238-9EA9-60A7222E5290}"
	ProjectSection(ProjectDependencies) = postProject
		{CE7C3552-C0BD-4728-BA09-9C34491F86EC} = {CE7C3552-C0BD-4728-BA09-9C34491F86EC}
	EndProjectSection
EndProject
Project("{2150E333-8FDC-42A3-9474-1A3956D46DE8}") = "Solution Items", "Solution Items", "{1094CD6F-AAE3-4AA6-9046-F06AE111B6B4}"
	ProjectSection(SolutionItems) = preProject
		Calculator.vsmdi = Calculator.vsmdi
		Local.testsettings = Local.testsettings
		TraceAndTestImpact.testsettings = TraceAndTestImpact.testsettings
	EndProjectSection
EndProject
Project("{FAE04EC0-301F-11D3-BF4B-00C04F79EFBC}") = "LibMath", "LibMath\LibMath.csproj", "{809551D1-9C8C-40AB-8273-7BBA0A799E1C}"
EndProject
Project("{FAE04EC0-301F-11D3-BF4B-00C04F79EFBC}") = "ConsoleAppLibMath", "ConsoleAppLibMath\ConsoleAppLibMath.csproj", "{EAD3CAF1-7BC8-4B2C-8B16-1CC0EACDDB58}"
EndProject
Global
	GlobalSection(SolutionConfigurationPlatforms) = preSolution
		Debug|Any CPU = Debug|Any CPU
		Debug|Mixed Platforms = Debug|Mixed Platforms
		Debug|x86 = Debug|x86
		Release|Any CPU = Release|Any CPU
		Release|Mixed Platforms = Release|Mixed Platforms
		Release|x86 = Release|x86
		Release-Signed|Any CPU = Release-Signed|Any CPU
		Release-Signed|Mixed Platforms = Release-Signed|Mixed Platforms
		Release-Signed|x86 = Release-Signed|x86
		x86|Any CPU = x86|Any CPU
		x86|Mixed Platforms = x86|Mixed Platforms
		x86|x86 = x86|x86
	EndGlobalSection
	GlobalSection(ProjectConfigurationPlatforms) = postSolution
		{CE7C3552-C0BD-4728-BA09-9C34491F86EC}.Debug|Any CPU.ActiveCfg = Debug|x86
		{CE7C3552-C0BD-4728-BA09-9C34491F86EC}.Debug|Mixed Platforms.ActiveCfg = Debug|x86
		{CE7C3552-C0BD-4728-BA09-9C34491F86EC}.Debug|Mixed Platforms.Build.0 = Debug|x86
		{CE7C3552-C0BD-4728-BA09-9C34491F86EC}.Debug|x86.ActiveCfg = Debug|x86
		{CE7C3552-C0BD-4728-BA09-9C34491F86EC}.Debug|x86.Build.0 = Debug|x86
		{CE7C3552-C0BD-4728-BA09-9C34491F86EC}.Release|Any CPU.ActiveCfg = Release|x86
		{CE7C3552-C0BD-4728-BA09-9C34491F86EC}.Release|Mixed Platforms.ActiveCfg = Release|x86
		{CE7C3552-C0BD-4728-BA09-9C34491F86EC}.Release|Mixed Platforms.Build.0 = Release|x86
		{CE7C3552-C0BD-4728-BA09-9C34491F86EC}.Release|x86.ActiveCfg = Release|x86
		{CE7C3552-C0BD-4728-BA09-9C34491F86EC}.Release|x86.Build.0 = Release|x86
		{CE7C3552-C0BD-4728-BA09-9C34491F86EC}.Release-Signed|Any CPU.ActiveCfg = Release|x86
		{CE7C3552-C0BD-4728-BA09-9C34491F86EC}.Release-Signed|Mixed Platforms.ActiveCfg = Release|x86
		{CE7C3552-C0BD-4728-BA09-9C34491F86EC}.Release-Signed|Mixed Platforms.Build.0 = Release|x86
		{CE7C3552-C0BD-4728-BA09-9C34491F86EC}.Release-Signed|x86.ActiveCfg = Release|x86
		{CE7C3552-C0BD-4728-BA09-9C34491F86EC}.Release-Signed|x86.Build.0 = Release|x86
		{CE7C3552-C0BD-4728-BA09-9C34491F86EC}.x86|Any CPU.ActiveCfg = Release|x86
		{CE7C3552-C0BD-4728-BA09-9C34491F86EC}.x86|Mixed Platforms.ActiveCfg = Release|x86
		{CE7C3552-C0BD-4728-BA09-9C34491F86EC}.x86|Mixed Platforms.Build.0 = Release|x86
		{CE7C3552-C0BD-4728-BA09-9C34491F86EC}.x86|x86.ActiveCfg = Release|x86
		{CE7C3552-C0BD-4728-BA09-9C34491F86EC}.x86|x86.Build.0 = Release|x86
		{F9E018D7-5078-4238-9EA9-60A7222E5290}.Debug|Any CPU.ActiveCfg = Debug|x86
		{F9E018D7-5078-4238-9EA9-60A7222E5290}.Debug|Mixed Platforms.ActiveCfg = Debug|x86
		{F9E018D7-5078-4238-9EA9-60A7222E5290}.Debug|Mixed Platforms.Build.0 = Debug|x86
		{F9E018D7-5078-4238-9EA9-60A7222E5290}.Debug|x86.ActiveCfg = Debug|x86
		{F9E018D7-5078-4238-9EA9-60A7222E5290}.Debug|x86.Build.0 = Debug|x86
		{F9E018D7-5078-4238-9EA9-60A7222E5290}.Release|Any CPU.ActiveCfg = Release|x86
		{F9E018D7-5078-4238-9EA9-60A7222E5290}.Release|Mixed Platforms.ActiveCfg = Release|x86
		{F9E018D7-5078-4238-9EA9-60A7222E5290}.Release|Mixed Platforms.Build.0 = Release|x86
		{F9E018D7-5078-4238-9EA9-60A7222E5290}.Release|x86.ActiveCfg = Release|x86
		{F9E018D7-5078-4238-9EA9-60A7222E5290}.Release|x86.Build.0 = Release|x86
		{F9E018D7-5078-4238-9EA9-60A7222E5290}.Release-Signed|Any CPU.ActiveCfg = Release|x86
		{F9E018D7-5078-4238-9EA9-60A7222E5290}.Release-Signed|Mixed Platforms.ActiveCfg = Release|x86
		{F9E018D7-5078-4238-9EA9-60A7222E5290}.Release-Signed|Mixed Platforms.Build.0 = Release|x86
		{F9E018D7-5078-4238-9EA9-60A7222E5290}.Release-Signed|x86.ActiveCfg = Release|x86
		{F9E018D7-5078-4238-9EA9-60A7222E5290}.Release-Signed|x86.Build.0 = Release|x86
		{F9E018D7-5078-4238-9EA9-60A7222E5290}.x86|Any CPU.ActiveCfg = Release|x86
		{F9E018D7-5078-4238-9EA9-60A7222E5290}.x86|Mixed Platforms.ActiveCfg = Release|x86
		{F9E018D7-5078-4238-9EA9-60A7222E5290}.x86|Mixed Platforms.Build.0 = Release|x86
		{F9E018D7-5078-4238-9EA9-60A7222E5290}.x86|x86.ActiveCfg = Release|x86
		{F9E018D7-5078-4238-9EA9-60A7222E5290}.x86|x86.Build.0 = Release|x86
		{809551D1-9C8C-40AB-8273-7BBA0A799E1C}.Debug|Any CPU.ActiveCfg = Debug|Any CPU
		{809551D1-9C8C-40AB-8273-7BBA0A799E1C}.Debug|Any CPU.Build.0 = Debug|Any CPU
		{809551D1-9C8C-40AB-8273-7BBA0A799E1C}.Debug|Mixed Platforms.ActiveCfg = Debug|Any CPU
		{809551D1-9C8C-40AB-8273-7BBA0A799E1C}.Debug|Mixed Platforms.Build.0 = Debug|Any CPU
		{809551D1-9C8C-40AB-8273-7BBA0A799E1C}.Debug|x86.ActiveCfg = Debug|Any CPU
		{809551D1-9C8C-40AB-8273-7BBA0A799E1C}.Debug|x86.Build.0 = Debug|Any CPU
		{809551D1-9C8C-40AB-8273-7BBA0A799E1C}.Release|Any CPU.ActiveCfg = Release|Any CPU
		{809551D1-9C8C-40AB-8273-7BBA0A799E1C}.Release|Any CPU.Build.0 = Release|Any CPU
		{809551D1-9C8C-40AB-8273-7BBA0A799E1C}.Release|Mixed Platforms.ActiveCfg = Release|Any CPU
		{809551D1-9C8C-40AB-8273-7BBA0A799E1C}.Release|Mixed Platforms.Build.0 = Release|Any CPU
		{809551D1-9C8C-40AB-8273-7BBA0A799E1C}.Release|x86.ActiveCfg = Release|Any CPU
		{809551D1-9C8C-40AB-8273-7BBA0A799E1C}.Release|x86.Build.0 = Release|Any CPU
		{809551D1-9C8C-40AB-8273-7BBA0A799E1C}.Release-Signed|Any CPU.ActiveCfg = Release|Any CPU
		{809551D1-9C8C-40AB-8273-7BBA0A799E1C}.Release-Signed|Any CPU.Build.0 = Release|Any CPU
		{809551D1-9C8C-40AB-8273-7BBA0A799E1C}.Release-Signed|Mixed Platforms.ActiveCfg = Release|Any CPU
		{809551D1-9C8C-40AB-8273-7BBA0A799E1C}.Release-Signed|Mixed Platforms.Build.0 = Release|Any CPU
		{809551D1-9C8C-40AB-8273-7BBA0A799E1C}.Release-Signed|x86.ActiveCfg = Release|Any CPU
		{809551D1-9C8C-40AB-8273-7BBA0A799E1C}.Release-Signed|x86.Build.0 = Release|Any CPU
		{809551D1-9C8C-40AB-8273-7BBA0A799E1C}.x86|Any CPU.ActiveCfg = Debug|Any CPU
		{809551D1-9C8C-40AB-8273-7BBA0A799E1C}.x86|Any CPU.Build.0 = Debug|Any CPU
		{809551D1-9C8C-40AB-8273-7BBA0A799E1C}.x86|Mixed Platforms.ActiveCfg = Debug|Any CPU
		{809551D1-9C8C-40AB-8273-7BBA0A799E1C}.x86|Mixed Platforms.Build.0 = Debug|Any CPU
		{809551D1-9C8C-40AB-8273-7BBA0A799E1C}.x86|x86.ActiveCfg = Debug|Any CPU
		{809551D1-9C8C-40AB-8273-7BBA0A799E1C}.x86|x86.Build.0 = Debug|Any CPU
		{EAD3CAF1-7BC8-4B2C-8B16-1CC0EACDDB58}.Debug|Any CPU.ActiveCfg = Debug|Any CPU
		{EAD3CAF1-7BC8-4B2C-8B16-1CC0EACDDB58}.Debug|Any CPU.Build.0 = Debug|Any CPU
		{EAD3CAF1-7BC8-4B2C-8B16-1CC0EACDDB58}.Debug|Mixed Platforms.ActiveCfg = Debug|Any CPU
		{EAD3CAF1-7BC8-4B2C-8B16-1CC0EACDDB58}.Debug|Mixed Platforms.Build.0 = Debug|Any CPU
		{EAD3CAF1-7BC8-4B2C-8B16-1CC0EACDDB58}.Debug|x86.ActiveCfg = Debug|Any CPU
		{EAD3CAF1-7BC8-4B2C-8B16-1CC0EACDDB58}.Debug|x86.Build.0 = Debug|Any CPU
		{EAD3CAF1-7BC8-4B2C-8B16-1CC0EACDDB58}.Release|Any CPU.ActiveCfg = Release|Any CPU
		{EAD3CAF1-7BC8-4B2C-8B16-1CC0EACDDB58}.Release|Any CPU.Build.0 = Release|Any CPU
		{EAD3CAF1-7BC8-4B2C-8B16-1CC0EACDDB58}.Release|Mixed Platforms.ActiveCfg = Release|Any CPU
		{EAD3CAF1-7BC8-4B2C-8B16-1CC0EACDDB58}.Release|Mixed Platforms.Build.0 = Release|Any CPU
		{EAD3CAF1-7BC8-4B2C-8B16-1CC0EACDDB58}.Release|x86.ActiveCfg = Release|Any CPU
		{EAD3CAF1-7BC8-4B2C-8B16-1CC0EACDDB58}.Release|x86.Build.0 = Release|Any CPU
		{EAD3CAF1-7BC8-4B2C-8B16-1CC0EACDDB58}.Release-Signed|Any CPU.ActiveCfg = Release|Any CPU
		{EAD3CAF1-7BC8-4B2C-8B16-1CC0EACDDB58}.Release-Signed|Any CPU.Build.0 = Release|Any CPU
		{EAD3CAF1-7BC8-4B2C-8B16-1CC0EACDDB58}.Release-Signed|Mixed Platforms.ActiveCfg = Release|Any CPU
		{EAD3CAF1-7BC8-4B2C-8B16-1CC0EACDDB58}.Release-Signed|Mixed Platforms.Build.0 = Release|Any CPU
		{EAD3CAF1-7BC8-4B2C-8B16-1CC0EACDDB58}.Release-Signed|x86.ActiveCfg = Release|Any CPU
		{EAD3CAF1-7BC8-4B2C-8B16-1CC0EACDDB58}.Release-Signed|x86.Build.0 = Release|Any CPU
		{EAD3CAF1-7BC8-4B2C-8B16-1CC0EACDDB58}.x86|Any CPU.ActiveCfg = Debug|Any CPU
		{EAD3CAF1-7BC8-4B2C-8B16-1CC0EACDDB58}.x86|Any CPU.Build.0 = Debug|Any CPU
		{EAD3CAF1-7BC8-4B2C-8B16-1CC0EACDDB58}.x86|Mixed Platforms.ActiveCfg = Debug|Any CPU
		{EAD3CAF1-7BC8-4B2C-8B16-1CC0EACDDB58}.x86|Mixed Platforms.Build.0 = Debug|Any CPU
		{EAD3CAF1-7BC8-4B2C-8B16-1CC0EACDDB58}.x86|x86.ActiveCfg = Debug|Any CPU
		{EAD3CAF1-7BC8-4B2C-8B16-1CC0EACDDB58}.x86|x86.Build.0 = Debug|Any CPU
	EndGlobalSection
	GlobalSection(SolutionProperties) = preSolution
		HideSolutionNode = FALSE
	EndGlobalSection
	GlobalSection(ExtensibilityGlobals) = postSolution
		SolutionGuid = {97187D72-81D3-4329-9EFA-A8B610D1E0B8}
	EndGlobalSection
	GlobalSection(TestCaseManagementSettings) = postSolution
		CategoryFile = Calculator.vsmdi
	EndGlobalSection
EndGlobal
