Microsoft Visual Studio Solution File, Format Version 11.00
# Visual Studio 2010
Project("{FAE04EC0-301F-11D3-BF4B-00C04F79EFBC}") = "科学计算器卸载", "科学计算器卸载\科学计算器卸载.csproj", "{B2E0EC8A-F03D-461F-A2DE-120F8D3FF90C}"
EndProject
Project("{FAE04EC0-301F-11D3-BF4B-00C04F79EFBC}") = "单位转换", "单位转换\单位转换.csproj", "{CE7C3552-C0BD-4728-BA09-9C34491F86EC}"
EndProject
Project("{FAE04EC0-301F-11D3-BF4B-00C04F79EFBC}") = "科学计算器多功能版", "科学计算器多功能版\科学计算器多功能版.csproj", "{F9E018D7-5078-4238-9EA9-60A7222E5290}"
	ProjectSection(ProjectDependencies) = postProject
		{CE7C3552-C0BD-4728-BA09-9C34491F86EC} = {CE7C3552-C0BD-4728-BA09-9C34491F86EC}
	EndProjectSection
EndProject
Project("{FAE04EC0-301F-11D3-BF4B-00C04F79EFBC}") = "ArithmeticExpression", "..\我自己编写的类库\ArithmeticExpression\ArithmeticExpression\ArithmeticExpression.csproj", "{310B3159-5B21-47B2-8D12-B97AF56C6064}"
EndProject
Project("{2150E333-8FDC-42A3-9474-1A3956D46DE8}") = "Solution Items", "Solution Items", "{1094CD6F-AAE3-4AA6-9046-F06AE111B6B4}"
	ProjectSection(SolutionItems) = preProject
		Calculator.vsmdi = Calculator.vsmdi
		Local.testsettings = Local.testsettings
		TraceAndTestImpact.testsettings = TraceAndTestImpact.testsettings
	EndProjectSection
EndProject
Project("{FAE04EC0-301F-11D3-BF4B-00C04F79EFBC}") = "安装后运行", "ClassLibrary1\安装后运行.csproj", "{EC7FEA3E-0440-4F5B-9650-3647EA0F3067}"
EndProject
Project("{54435603-DBB4-11D2-8724-00A0C9A8B90C}") = "科学计算器多功能版安装程序", "科学计算器多功能版安装程序\科学计算器多功能版安装程序.vdproj", "{860249C5-6E41-44A9-98D5-CA6022AF421F}"
EndProject
Project("{FAE04EC0-301F-11D3-BF4B-00C04F79EFBC}") = "MyDataStructure", "..\我自己编写的类库\MyDataStructure\MyDataStructure.csproj", "{7A35F89B-1043-4DF7-B2B9-721EEDB519A2}"
EndProject
Project("{FAE04EC0-301F-11D3-BF4B-00C04F79EFBC}") = "阿里妈妈广告", "阿里妈妈广告\阿里妈妈广告.csproj", "{C6471612-6445-4862-8C63-25DBD0396A88}"
EndProject
Project("{FAE04EC0-301F-11D3-BF4B-00C04F79EFBC}") = "Numerics", "..\下载的源码\MathNetNumerics\src\Numerics\Numerics.csproj", "{B7CAE5F4-A23F-4438-B5BE-41226618B695}"
EndProject
Global
	GlobalSection(TestCaseManagementSettings) = postSolution
		CategoryFile = Calculator.vsmdi
	EndGlobalSection
	GlobalSection(SolutionConfigurationPlatforms) = preSolution
		Debug|Any CPU = Debug|Any CPU
		Debug|Mixed Platforms = Debug|Mixed Platforms
		Debug|x86 = Debug|x86
		Release|Any CPU = Release|Any CPU
		Release|Mixed Platforms = Release|Mixed Platforms
		Release|x86 = Release|x86
		Release-Signed|Any CPU = Release-Signed|Any CPU
		Release-Signed|Mixed Platforms = Release-Signed|Mixed Platforms
		Release-Signed|x86 = Release-Signed|x86
		x86|Any CPU = x86|Any CPU
		x86|Mixed Platforms = x86|Mixed Platforms
		x86|x86 = x86|x86
	EndGlobalSection
	GlobalSection(ProjectConfigurationPlatforms) = postSolution
		{B2E0EC8A-F03D-461F-A2DE-120F8D3FF90C}.Debug|Any CPU.ActiveCfg = Debug|x86
		{B2E0EC8A-F03D-461F-A2DE-120F8D3FF90C}.Debug|Mixed Platforms.ActiveCfg = Debug|x86
		{B2E0EC8A-F03D-461F-A2DE-120F8D3FF90C}.Debug|Mixed Platforms.Build.0 = Debug|x86
		{B2E0EC8A-F03D-461F-A2DE-120F8D3FF90C}.Debug|x86.ActiveCfg = Debug|x86
		{B2E0EC8A-F03D-461F-A2DE-120F8D3FF90C}.Debug|x86.Build.0 = Debug|x86
		{B2E0EC8A-F03D-461F-A2DE-120F8D3FF90C}.Release|Any CPU.ActiveCfg = Release|x86
		{B2E0EC8A-F03D-461F-A2DE-120F8D3FF90C}.Release|Mixed Platforms.ActiveCfg = Release|x86
		{B2E0EC8A-F03D-461F-A2DE-120F8D3FF90C}.Release|Mixed Platforms.Build.0 = Release|x86
		{B2E0EC8A-F03D-461F-A2DE-120F8D3FF90C}.Release|x86.ActiveCfg = Release|x86
		{B2E0EC8A-F03D-461F-A2DE-120F8D3FF90C}.Release|x86.Build.0 = Release|x86
		{B2E0EC8A-F03D-461F-A2DE-120F8D3FF90C}.Release-Signed|Any CPU.ActiveCfg = Release|x86
		{B2E0EC8A-F03D-461F-A2DE-120F8D3FF90C}.Release-Signed|Mixed Platforms.ActiveCfg = Release|x86
		{B2E0EC8A-F03D-461F-A2DE-120F8D3FF90C}.Release-Signed|Mixed Platforms.Build.0 = Release|x86
		{B2E0EC8A-F03D-461F-A2DE-120F8D3FF90C}.Release-Signed|x86.ActiveCfg = Release|x86
		{B2E0EC8A-F03D-461F-A2DE-120F8D3FF90C}.Release-Signed|x86.Build.0 = Release|x86
		{B2E0EC8A-F03D-461F-A2DE-120F8D3FF90C}.x86|Any CPU.ActiveCfg = Release|x86
		{B2E0EC8A-F03D-461F-A2DE-120F8D3FF90C}.x86|Mixed Platforms.ActiveCfg = Release|x86
		{B2E0EC8A-F03D-461F-A2DE-120F8D3FF90C}.x86|Mixed Platforms.Build.0 = Release|x86
		{B2E0EC8A-F03D-461F-A2DE-120F8D3FF90C}.x86|x86.ActiveCfg = Release|x86
		{B2E0EC8A-F03D-461F-A2DE-120F8D3FF90C}.x86|x86.Build.0 = Release|x86
		{CE7C3552-C0BD-4728-BA09-9C34491F86EC}.Debug|Any CPU.ActiveCfg = Debug|x86
		{CE7C3552-C0BD-4728-BA09-9C34491F86EC}.Debug|Mixed Platforms.ActiveCfg = Debug|x86
		{CE7C3552-C0BD-4728-BA09-9C34491F86EC}.Debug|Mixed Platforms.Build.0 = Debug|x86
		{CE7C3552-C0BD-4728-BA09-9C34491F86EC}.Debug|x86.ActiveCfg = Debug|x86
		{CE7C3552-C0BD-4728-BA09-9C34491F86EC}.Debug|x86.Build.0 = Debug|x86
		{CE7C3552-C0BD-4728-BA09-9C34491F86EC}.Release|Any CPU.ActiveCfg = Release|x86
		{CE7C3552-C0BD-4728-BA09-9C34491F86EC}.Release|Mixed Platforms.ActiveCfg = Release|x86
		{CE7C3552-C0BD-4728-BA09-9C34491F86EC}.Release|Mixed Platforms.Build.0 = Release|x86
		{CE7C3552-C0BD-4728-BA09-9C34491F86EC}.Release|x86.ActiveCfg = Release|x86
		{CE7C3552-C0BD-4728-BA09-9C34491F86EC}.Release|x86.Build.0 = Release|x86
		{CE7C3552-C0BD-4728-BA09-9C34491F86EC}.Release-Signed|Any CPU.ActiveCfg = Release|x86
		{CE7C3552-C0BD-4728-BA09-9C34491F86EC}.Release-Signed|Mixed Platforms.ActiveCfg = Release|x86
		{CE7C3552-C0BD-4728-BA09-9C34491F86EC}.Release-Signed|Mixed Platforms.Build.0 = Release|x86
		{CE7C3552-C0BD-4728-BA09-9C34491F86EC}.Release-Signed|x86.ActiveCfg = Release|x86
		{CE7C3552-C0BD-4728-BA09-9C34491F86EC}.Release-Signed|x86.Build.0 = Release|x86
		{CE7C3552-C0BD-4728-BA09-9C34491F86EC}.x86|Any CPU.ActiveCfg = Release|x86
		{CE7C3552-C0BD-4728-BA09-9C34491F86EC}.x86|Mixed Platforms.ActiveCfg = Release|x86
		{CE7C3552-C0BD-4728-BA09-9C34491F86EC}.x86|Mixed Platforms.Build.0 = Release|x86
		{CE7C3552-C0BD-4728-BA09-9C34491F86EC}.x86|x86.ActiveCfg = Release|x86
		{CE7C3552-C0BD-4728-BA09-9C34491F86EC}.x86|x86.Build.0 = Release|x86
		{F9E018D7-5078-4238-9EA9-60A7222E5290}.Debug|Any CPU.ActiveCfg = Debug|x86
		{F9E018D7-5078-4238-9EA9-60A7222E5290}.Debug|Mixed Platforms.ActiveCfg = Debug|x86
		{F9E018D7-5078-4238-9EA9-60A7222E5290}.Debug|Mixed Platforms.Build.0 = Debug|x86
		{F9E018D7-5078-4238-9EA9-60A7222E5290}.Debug|x86.ActiveCfg = Debug|x86
		{F9E018D7-5078-4238-9EA9-60A7222E5290}.Debug|x86.Build.0 = Debug|x86
		{F9E018D7-5078-4238-9EA9-60A7222E5290}.Release|Any CPU.ActiveCfg = Release|x86
		{F9E018D7-5078-4238-9EA9-60A7222E5290}.Release|Mixed Platforms.ActiveCfg = Release|x86
		{F9E018D7-5078-4238-9EA9-60A7222E5290}.Release|Mixed Platforms.Build.0 = Release|x86
		{F9E018D7-5078-4238-9EA9-60A7222E5290}.Release|x86.ActiveCfg = Release|x86
		{F9E018D7-5078-4238-9EA9-60A7222E5290}.Release|x86.Build.0 = Release|x86
		{F9E018D7-5078-4238-9EA9-60A7222E5290}.Release-Signed|Any CPU.ActiveCfg = Release|x86
		{F9E018D7-5078-4238-9EA9-60A7222E5290}.Release-Signed|Mixed Platforms.ActiveCfg = Release|x86
		{F9E018D7-5078-4238-9EA9-60A7222E5290}.Release-Signed|Mixed Platforms.Build.0 = Release|x86
		{F9E018D7-5078-4238-9EA9-60A7222E5290}.Release-Signed|x86.ActiveCfg = Release|x86
		{F9E018D7-5078-4238-9EA9-60A7222E5290}.Release-Signed|x86.Build.0 = Release|x86
		{F9E018D7-5078-4238-9EA9-60A7222E5290}.x86|Any CPU.ActiveCfg = Release|x86
		{F9E018D7-5078-4238-9EA9-60A7222E5290}.x86|Mixed Platforms.ActiveCfg = Release|x86
		{F9E018D7-5078-4238-9EA9-60A7222E5290}.x86|Mixed Platforms.Build.0 = Release|x86
		{F9E018D7-5078-4238-9EA9-60A7222E5290}.x86|x86.ActiveCfg = Release|x86
		{F9E018D7-5078-4238-9EA9-60A7222E5290}.x86|x86.Build.0 = Release|x86
		{310B3159-5B21-47B2-8D12-B97AF56C6064}.Debug|Any CPU.ActiveCfg = Debug|x86
		{310B3159-5B21-47B2-8D12-B97AF56C6064}.Debug|Mixed Platforms.ActiveCfg = Debug|x86
		{310B3159-5B21-47B2-8D12-B97AF56C6064}.Debug|Mixed Platforms.Build.0 = Debug|x86
		{310B3159-5B21-47B2-8D12-B97AF56C6064}.Debug|x86.ActiveCfg = Debug|x86
		{310B3159-5B21-47B2-8D12-B97AF56C6064}.Debug|x86.Build.0 = Debug|x86
		{310B3159-5B21-47B2-8D12-B97AF56C6064}.Release|Any CPU.ActiveCfg = Release|x86
		{310B3159-5B21-47B2-8D12-B97AF56C6064}.Release|Mixed Platforms.ActiveCfg = Release|x86
		{310B3159-5B21-47B2-8D12-B97AF56C6064}.Release|Mixed Platforms.Build.0 = Release|x86
		{310B3159-5B21-47B2-8D12-B97AF56C6064}.Release|x86.ActiveCfg = Release|x86
		{310B3159-5B21-47B2-8D12-B97AF56C6064}.Release|x86.Build.0 = Release|x86
		{310B3159-5B21-47B2-8D12-B97AF56C6064}.Release-Signed|Any CPU.ActiveCfg = Release|x86
		{310B3159-5B21-47B2-8D12-B97AF56C6064}.Release-Signed|Mixed Platforms.ActiveCfg = Release|x86
		{310B3159-5B21-47B2-8D12-B97AF56C6064}.Release-Signed|Mixed Platforms.Build.0 = Release|x86
		{310B3159-5B21-47B2-8D12-B97AF56C6064}.Release-Signed|x86.ActiveCfg = Release|x86
		{310B3159-5B21-47B2-8D12-B97AF56C6064}.Release-Signed|x86.Build.0 = Release|x86
		{310B3159-5B21-47B2-8D12-B97AF56C6064}.x86|Any CPU.ActiveCfg = Release|x86
		{310B3159-5B21-47B2-8D12-B97AF56C6064}.x86|Mixed Platforms.ActiveCfg = Release|x86
		{310B3159-5B21-47B2-8D12-B97AF56C6064}.x86|Mixed Platforms.Build.0 = Release|x86
		{310B3159-5B21-47B2-8D12-B97AF56C6064}.x86|x86.ActiveCfg = Release|x86
		{310B3159-5B21-47B2-8D12-B97AF56C6064}.x86|x86.Build.0 = Release|x86
		{EC7FEA3E-0440-4F5B-9650-3647EA0F3067}.Debug|Any CPU.ActiveCfg = Debug|Any CPU
		{EC7FEA3E-0440-4F5B-9650-3647EA0F3067}.Debug|Any CPU.Build.0 = Debug|Any CPU
		{EC7FEA3E-0440-4F5B-9650-3647EA0F3067}.Debug|Mixed Platforms.ActiveCfg = Debug|Any CPU
		{EC7FEA3E-0440-4F5B-9650-3647EA0F3067}.Debug|Mixed Platforms.Build.0 = Debug|Any CPU
		{EC7FEA3E-0440-4F5B-9650-3647EA0F3067}.Debug|x86.ActiveCfg = Debug|Any CPU
		{EC7FEA3E-0440-4F5B-9650-3647EA0F3067}.Release|Any CPU.ActiveCfg = Release|Any CPU
		{EC7FEA3E-0440-4F5B-9650-3647EA0F3067}.Release|Any CPU.Build.0 = Release|Any CPU
		{EC7FEA3E-0440-4F5B-9650-3647EA0F3067}.Release|Mixed Platforms.ActiveCfg = Release|Any CPU
		{EC7FEA3E-0440-4F5B-9650-3647EA0F3067}.Release|Mixed Platforms.Build.0 = Release|Any CPU
		{EC7FEA3E-0440-4F5B-9650-3647EA0F3067}.Release|x86.ActiveCfg = Release|Any CPU
		{EC7FEA3E-0440-4F5B-9650-3647EA0F3067}.Release-Signed|Any CPU.ActiveCfg = Release|Any CPU
		{EC7FEA3E-0440-4F5B-9650-3647EA0F3067}.Release-Signed|Any CPU.Build.0 = Release|Any CPU
		{EC7FEA3E-0440-4F5B-9650-3647EA0F3067}.Release-Signed|Mixed Platforms.ActiveCfg = Release|Any CPU
		{EC7FEA3E-0440-4F5B-9650-3647EA0F3067}.Release-Signed|Mixed Platforms.Build.0 = Release|Any CPU
		{EC7FEA3E-0440-4F5B-9650-3647EA0F3067}.Release-Signed|x86.ActiveCfg = Release|Any CPU
		{EC7FEA3E-0440-4F5B-9650-3647EA0F3067}.x86|Any CPU.ActiveCfg = Release|Any CPU
		{EC7FEA3E-0440-4F5B-9650-3647EA0F3067}.x86|Any CPU.Build.0 = Release|Any CPU
		{EC7FEA3E-0440-4F5B-9650-3647EA0F3067}.x86|Mixed Platforms.ActiveCfg = Release|Any CPU
		{EC7FEA3E-0440-4F5B-9650-3647EA0F3067}.x86|Mixed Platforms.Build.0 = Release|Any CPU
		{EC7FEA3E-0440-4F5B-9650-3647EA0F3067}.x86|x86.ActiveCfg = Release|Any CPU
		{860249C5-6E41-44A9-98D5-CA6022AF421F}.Debug|Any CPU.ActiveCfg = Debug
		{860249C5-6E41-44A9-98D5-CA6022AF421F}.Debug|Mixed Platforms.ActiveCfg = Debug
		{860249C5-6E41-44A9-98D5-CA6022AF421F}.Debug|x86.ActiveCfg = Debug
		{860249C5-6E41-44A9-98D5-CA6022AF421F}.Release|Any CPU.ActiveCfg = Release
		{860249C5-6E41-44A9-98D5-CA6022AF421F}.Release|Mixed Platforms.ActiveCfg = Release
		{860249C5-6E41-44A9-98D5-CA6022AF421F}.Release|x86.ActiveCfg = Release
		{860249C5-6E41-44A9-98D5-CA6022AF421F}.Release-Signed|Any CPU.ActiveCfg = Release
		{860249C5-6E41-44A9-98D5-CA6022AF421F}.Release-Signed|Mixed Platforms.ActiveCfg = Release
		{860249C5-6E41-44A9-98D5-CA6022AF421F}.Release-Signed|x86.ActiveCfg = Release
		{860249C5-6E41-44A9-98D5-CA6022AF421F}.x86|Any CPU.ActiveCfg = Release
		{860249C5-6E41-44A9-98D5-CA6022AF421F}.x86|Any CPU.Build.0 = Release
		{860249C5-6E41-44A9-98D5-CA6022AF421F}.x86|Mixed Platforms.ActiveCfg = Release
		{860249C5-6E41-44A9-98D5-CA6022AF421F}.x86|Mixed Platforms.Build.0 = Release
		{860249C5-6E41-44A9-98D5-CA6022AF421F}.x86|x86.ActiveCfg = Release
		{860249C5-6E41-44A9-98D5-CA6022AF421F}.x86|x86.Build.0 = Release
		{7A35F89B-1043-4DF7-B2B9-721EEDB519A2}.Debug|Any CPU.ActiveCfg = Debug|Any CPU
		{7A35F89B-1043-4DF7-B2B9-721EEDB519A2}.Debug|Any CPU.Build.0 = Debug|Any CPU
		{7A35F89B-1043-4DF7-B2B9-721EEDB519A2}.Debug|Mixed Platforms.ActiveCfg = Debug|Any CPU
		{7A35F89B-1043-4DF7-B2B9-721EEDB519A2}.Debug|Mixed Platforms.Build.0 = Debug|Any CPU
		{7A35F89B-1043-4DF7-B2B9-721EEDB519A2}.Debug|x86.ActiveCfg = Debug|Any CPU
		{7A35F89B-1043-4DF7-B2B9-721EEDB519A2}.Release|Any CPU.ActiveCfg = Release|Any CPU
		{7A35F89B-1043-4DF7-B2B9-721EEDB519A2}.Release|Any CPU.Build.0 = Release|Any CPU
		{7A35F89B-1043-4DF7-B2B9-721EEDB519A2}.Release|Mixed Platforms.ActiveCfg = Release|Any CPU
		{7A35F89B-1043-4DF7-B2B9-721EEDB519A2}.Release|Mixed Platforms.Build.0 = Release|Any CPU
		{7A35F89B-1043-4DF7-B2B9-721EEDB519A2}.Release|x86.ActiveCfg = Release|Any CPU
		{7A35F89B-1043-4DF7-B2B9-721EEDB519A2}.Release-Signed|Any CPU.ActiveCfg = Release|Any CPU
		{7A35F89B-1043-4DF7-B2B9-721EEDB519A2}.Release-Signed|Any CPU.Build.0 = Release|Any CPU
		{7A35F89B-1043-4DF7-B2B9-721EEDB519A2}.Release-Signed|Mixed Platforms.ActiveCfg = Release|Any CPU
		{7A35F89B-1043-4DF7-B2B9-721EEDB519A2}.Release-Signed|Mixed Platforms.Build.0 = Release|Any CPU
		{7A35F89B-1043-4DF7-B2B9-721EEDB519A2}.Release-Signed|x86.ActiveCfg = Release|Any CPU
		{7A35F89B-1043-4DF7-B2B9-721EEDB519A2}.x86|Any CPU.ActiveCfg = x86|Any CPU
		{7A35F89B-1043-4DF7-B2B9-721EEDB519A2}.x86|Any CPU.Build.0 = x86|Any CPU
		{7A35F89B-1043-4DF7-B2B9-721EEDB519A2}.x86|Mixed Platforms.ActiveCfg = x86|Any CPU
		{7A35F89B-1043-4DF7-B2B9-721EEDB519A2}.x86|Mixed Platforms.Build.0 = x86|Any CPU
		{7A35F89B-1043-4DF7-B2B9-721EEDB519A2}.x86|x86.ActiveCfg = x86|Any CPU
		{C6471612-6445-4862-8C63-25DBD0396A88}.Debug|Any CPU.ActiveCfg = Debug|x86
		{C6471612-6445-4862-8C63-25DBD0396A88}.Debug|Mixed Platforms.ActiveCfg = Debug|x86
		{C6471612-6445-4862-8C63-25DBD0396A88}.Debug|Mixed Platforms.Build.0 = Debug|x86
		{C6471612-6445-4862-8C63-25DBD0396A88}.Debug|x86.ActiveCfg = Debug|x86
		{C6471612-6445-4862-8C63-25DBD0396A88}.Debug|x86.Build.0 = Debug|x86
		{C6471612-6445-4862-8C63-25DBD0396A88}.Release|Any CPU.ActiveCfg = Release|x86
		{C6471612-6445-4862-8C63-25DBD0396A88}.Release|Mixed Platforms.ActiveCfg = Release|x86
		{C6471612-6445-4862-8C63-25DBD0396A88}.Release|Mixed Platforms.Build.0 = Release|x86
		{C6471612-6445-4862-8C63-25DBD0396A88}.Release|x86.ActiveCfg = Release|x86
		{C6471612-6445-4862-8C63-25DBD0396A88}.Release|x86.Build.0 = Release|x86
		{C6471612-6445-4862-8C63-25DBD0396A88}.Release-Signed|Any CPU.ActiveCfg = Release|x86
		{C6471612-6445-4862-8C63-25DBD0396A88}.Release-Signed|Mixed Platforms.ActiveCfg = Release|x86
		{C6471612-6445-4862-8C63-25DBD0396A88}.Release-Signed|Mixed Platforms.Build.0 = Release|x86
		{C6471612-6445-4862-8C63-25DBD0396A88}.Release-Signed|x86.ActiveCfg = Release|x86
		{C6471612-6445-4862-8C63-25DBD0396A88}.Release-Signed|x86.Build.0 = Release|x86
		{C6471612-6445-4862-8C63-25DBD0396A88}.x86|Any CPU.ActiveCfg = Release|x86
		{C6471612-6445-4862-8C63-25DBD0396A88}.x86|Mixed Platforms.ActiveCfg = Release|x86
		{C6471612-6445-4862-8C63-25DBD0396A88}.x86|Mixed Platforms.Build.0 = Release|x86
		{C6471612-6445-4862-8C63-25DBD0396A88}.x86|x86.ActiveCfg = Release|x86
		{C6471612-6445-4862-8C63-25DBD0396A88}.x86|x86.Build.0 = Release|x86
		{B7CAE5F4-A23F-4438-B5BE-41226618B695}.Debug|Any CPU.ActiveCfg = Debug|Any CPU
		{B7CAE5F4-A23F-4438-B5BE-41226618B695}.Debug|Any CPU.Build.0 = Debug|Any CPU
		{B7CAE5F4-A23F-4438-B5BE-41226618B695}.Debug|Mixed Platforms.ActiveCfg = Debug|Any CPU
		{B7CAE5F4-A23F-4438-B5BE-41226618B695}.Debug|Mixed Platforms.Build.0 = Debug|Any CPU
		{B7CAE5F4-A23F-4438-B5BE-41226618B695}.Debug|x86.ActiveCfg = Debug|Any CPU
		{B7CAE5F4-A23F-4438-B5BE-41226618B695}.Release|Any CPU.ActiveCfg = Release|Any CPU
		{B7CAE5F4-A23F-4438-B5BE-41226618B695}.Release|Any CPU.Build.0 = Release|Any CPU
		{B7CAE5F4-A23F-4438-B5BE-41226618B695}.Release|Mixed Platforms.ActiveCfg = Release|Any CPU
		{B7CAE5F4-A23F-4438-B5BE-41226618B695}.Release|Mixed Platforms.Build.0 = Release|Any CPU
		{B7CAE5F4-A23F-4438-B5BE-41226618B695}.Release|x86.ActiveCfg = Release|Any CPU
		{B7CAE5F4-A23F-4438-B5BE-41226618B695}.Release-Signed|Any CPU.ActiveCfg = Release-Signed|Any CPU
		{B7CAE5F4-A23F-4438-B5BE-41226618B695}.Release-Signed|Any CPU.Build.0 = Release-Signed|Any CPU
		{B7CAE5F4-A23F-4438-B5BE-41226618B695}.Release-Signed|Mixed Platforms.ActiveCfg = Release-Signed|Any CPU
		{B7CAE5F4-A23F-4438-B5BE-41226618B695}.Release-Signed|Mixed Platforms.Build.0 = Release-Signed|Any CPU
		{B7CAE5F4-A23F-4438-B5BE-41226618B695}.Release-Signed|x86.ActiveCfg = Release-Signed|Any CPU
		{B7CAE5F4-A23F-4438-B5BE-41226618B695}.x86|Any CPU.ActiveCfg = Release-Signed|Any CPU
		{B7CAE5F4-A23F-4438-B5BE-41226618B695}.x86|Any CPU.Build.0 = Release-Signed|Any CPU
		{B7CAE5F4-A23F-4438-B5BE-41226618B695}.x86|Mixed Platforms.ActiveCfg = Release-Signed|Any CPU
		{B7CAE5F4-A23F-4438-B5BE-41226618B695}.x86|Mixed Platforms.Build.0 = Release-Signed|Any CPU
		{B7CAE5F4-A23F-4438-B5BE-41226618B695}.x86|x86.ActiveCfg = Release-Signed|Any CPU
	EndGlobalSection
	GlobalSection(SolutionProperties) = preSolution
		HideSolutionNode = FALSE
	EndGlobalSection
EndGlobal
